// !$*UTF8*$!
{
	archiveVersion = 1;
	classes = {
	};
	objectVersion = 46;
	objects = {

/* Begin PBXBuildFile section */
		0091D8F90E81B9330029341E /* OpenGL.framework in Frameworks */ = {isa = PBXBuildFile; fileRef = 0091D8F80E81B9330029341E /* OpenGL.framework */; };
		0097E3E50F3E9819005A4392 /* QuickTime.framework in Frameworks */ = {isa = PBXBuildFile; fileRef = 0097E3E40F3E9819005A4392 /* QuickTime.framework */; };
		00B784B30FF439BC000DE1D7 /* Accelerate.framework in Frameworks */ = {isa = PBXBuildFile; fileRef = 00B784AF0FF439BC000DE1D7 /* Accelerate.framework */; };
		00B784B40FF439BC000DE1D7 /* AudioToolbox.framework in Frameworks */ = {isa = PBXBuildFile; fileRef = 00B784B00FF439BC000DE1D7 /* AudioToolbox.framework */; };
		00B784B50FF439BC000DE1D7 /* AudioUnit.framework in Frameworks */ = {isa = PBXBuildFile; fileRef = 00B784B10FF439BC000DE1D7 /* AudioUnit.framework */; };
		00B784B60FF439BC000DE1D7 /* CoreAudio.framework in Frameworks */ = {isa = PBXBuildFile; fileRef = 00B784B20FF439BC000DE1D7 /* CoreAudio.framework */; };
		00BAE65A0E7ED9C10018A608 /* PulseSenseApp.cpp in Sources */ = {isa = PBXBuildFile; fileRef = 00BAE6590E7ED9C10018A608 /* PulseSenseApp.cpp */; };
		00CCAF15116A9FEE008396D5 /* CinderApp.icns in Resources */ = {isa = PBXBuildFile; fileRef = 00CCAF14116A9FEE008396D5 /* CinderApp.icns */; };
		5323E6B20EAFCA74003A9687 /* CoreVideo.framework in Frameworks */ = {isa = PBXBuildFile; fileRef = 5323E6B10EAFCA74003A9687 /* CoreVideo.framework */; };
		5323E6B60EAFCA7E003A9687 /* QTKit.framework in Frameworks */ = {isa = PBXBuildFile; fileRef = 5323E6B50EAFCA7E003A9687 /* QTKit.framework */; };
		53E3CDFC0E86099300238D2B /* Carbon.framework in Frameworks */ = {isa = PBXBuildFile; fileRef = 53E3CDFB0E86099300238D2B /* Carbon.framework */; };
		8D11072F0486CEB800E47090 /* Cocoa.framework in Frameworks */ = {isa = PBXBuildFile; fileRef = 1058C7A1FEA54F0111CA2CBB /* Cocoa.framework */; };
		CB1AA562164854BA0022F331 /* osc.a in Frameworks */ = {isa = PBXBuildFile; fileRef = CB1AA51B164854BA0022F331 /* osc.a */; };
		CB1AA563164854BA0022F331 /* osc.a in Frameworks */ = {isa = PBXBuildFile; fileRef = CB1AA51D164854BA0022F331 /* osc.a */; };
		CB1AA564164854BA0022F331 /* osc.lib in Frameworks */ = {isa = PBXBuildFile; fileRef = CB1AA51F164854BA0022F331 /* osc.lib */; };
		CB1AA565164854BA0022F331 /* osc_d.lib in Frameworks */ = {isa = PBXBuildFile; fileRef = CB1AA520164854BA0022F331 /* osc_d.lib */; };
		CB1AA582164854BA0022F331 /* OscBundle.cpp in Sources */ = {isa = PBXBuildFile; fileRef = CB1AA55A164854BA0022F331 /* OscBundle.cpp */; };
		CB1AA583164854BA0022F331 /* OscListener.cpp in Sources */ = {isa = PBXBuildFile; fileRef = CB1AA55B164854BA0022F331 /* OscListener.cpp */; };
		CB1AA584164854BA0022F331 /* OscMessage.cpp in Sources */ = {isa = PBXBuildFile; fileRef = CB1AA55C164854BA0022F331 /* OscMessage.cpp */; };
		CB1AA585164854BA0022F331 /* OscSender.cpp in Sources */ = {isa = PBXBuildFile; fileRef = CB1AA55D164854BA0022F331 /* OscSender.cpp */; };
		CB606AAD1639A25100F0AA96 /* PulseReader.cpp in Sources */ = {isa = PBXBuildFile; fileRef = CB606AAB1639A25100F0AA96 /* PulseReader.cpp */; };
/* End PBXBuildFile section */

/* Begin PBXFileReference section */
		0091D8F80E81B9330029341E /* OpenGL.framework */ = {isa = PBXFileReference; lastKnownFileType = wrapper.framework; name = OpenGL.framework; path = /System/Library/Frameworks/OpenGL.framework; sourceTree = "<absolute>"; };
		0097E3E40F3E9819005A4392 /* QuickTime.framework */ = {isa = PBXFileReference; lastKnownFileType = wrapper.framework; name = QuickTime.framework; path = /System/Library/Frameworks/QuickTime.framework; sourceTree = "<absolute>"; };
		00B784AF0FF439BC000DE1D7 /* Accelerate.framework */ = {isa = PBXFileReference; lastKnownFileType = wrapper.framework; name = Accelerate.framework; path = System/Library/Frameworks/Accelerate.framework; sourceTree = SDKROOT; };
		00B784B00FF439BC000DE1D7 /* AudioToolbox.framework */ = {isa = PBXFileReference; lastKnownFileType = wrapper.framework; name = AudioToolbox.framework; path = System/Library/Frameworks/AudioToolbox.framework; sourceTree = SDKROOT; };
		00B784B10FF439BC000DE1D7 /* AudioUnit.framework */ = {isa = PBXFileReference; lastKnownFileType = wrapper.framework; name = AudioUnit.framework; path = System/Library/Frameworks/AudioUnit.framework; sourceTree = SDKROOT; };
		00B784B20FF439BC000DE1D7 /* CoreAudio.framework */ = {isa = PBXFileReference; lastKnownFileType = wrapper.framework; name = CoreAudio.framework; path = System/Library/Frameworks/CoreAudio.framework; sourceTree = SDKROOT; };
		00BAE6590E7ED9C10018A608 /* PulseSenseApp.cpp */ = {isa = PBXFileReference; fileEncoding = 4; lastKnownFileType = sourcecode.cpp.cpp; name = PulseSenseApp.cpp; path = ../src/PulseSenseApp.cpp; sourceTree = SOURCE_ROOT; };
		00CCAF14116A9FEE008396D5 /* CinderApp.icns */ = {isa = PBXFileReference; lastKnownFileType = image.icns; name = CinderApp.icns; path = ../resources/CinderApp.icns; sourceTree = SOURCE_ROOT; };
		1058C7A1FEA54F0111CA2CBB /* Cocoa.framework */ = {isa = PBXFileReference; lastKnownFileType = wrapper.framework; name = Cocoa.framework; path = /System/Library/Frameworks/Cocoa.framework; sourceTree = "<absolute>"; };
		13E42FB307B3F0F600E4EEF1 /* CoreData.framework */ = {isa = PBXFileReference; lastKnownFileType = wrapper.framework; name = CoreData.framework; path = /System/Library/Frameworks/CoreData.framework; sourceTree = "<absolute>"; };
		29B97324FDCFA39411CA2CEA /* AppKit.framework */ = {isa = PBXFileReference; lastKnownFileType = wrapper.framework; name = AppKit.framework; path = /System/Library/Frameworks/AppKit.framework; sourceTree = "<absolute>"; };
		29B97325FDCFA39411CA2CEA /* Foundation.framework */ = {isa = PBXFileReference; lastKnownFileType = wrapper.framework; name = Foundation.framework; path = /System/Library/Frameworks/Foundation.framework; sourceTree = "<absolute>"; };
		32CA4F630368D1EE00C91783 /* PulseSense_Prefix.pch */ = {isa = PBXFileReference; fileEncoding = 4; lastKnownFileType = sourcecode.c.h; path = PulseSense_Prefix.pch; sourceTree = "<group>"; };
		5323E6B10EAFCA74003A9687 /* CoreVideo.framework */ = {isa = PBXFileReference; lastKnownFileType = wrapper.framework; name = CoreVideo.framework; path = /System/Library/Frameworks/CoreVideo.framework; sourceTree = "<absolute>"; };
		5323E6B50EAFCA7E003A9687 /* QTKit.framework */ = {isa = PBXFileReference; lastKnownFileType = wrapper.framework; name = QTKit.framework; path = /System/Library/Frameworks/QTKit.framework; sourceTree = "<absolute>"; };
		53E3CDFB0E86099300238D2B /* Carbon.framework */ = {isa = PBXFileReference; lastKnownFileType = wrapper.framework; name = Carbon.framework; path = /System/Library/Frameworks/Carbon.framework; sourceTree = "<absolute>"; };
		8D1107310486CEB800E47090 /* Info.plist */ = {isa = PBXFileReference; fileEncoding = 4; lastKnownFileType = text.plist.xml; path = Info.plist; sourceTree = "<group>"; };
		8D1107320486CEB800E47090 /* PulseSense.app */ = {isa = PBXFileReference; explicitFileType = wrapper.application; includeInIndex = 0; path = PulseSense.app; sourceTree = BUILT_PRODUCTS_DIR; };
		CB1AA506164854BA0022F331 /* IpEndpointName.h */ = {isa = PBXFileReference; fileEncoding = 4; lastKnownFileType = sourcecode.c.h; path = IpEndpointName.h; sourceTree = "<group>"; };
		CB1AA507164854BA0022F331 /* NetworkingUtils.h */ = {isa = PBXFileReference; fileEncoding = 4; lastKnownFileType = sourcecode.c.h; path = NetworkingUtils.h; sourceTree = "<group>"; };
		CB1AA508164854BA0022F331 /* PacketListener.h */ = {isa = PBXFileReference; fileEncoding = 4; lastKnownFileType = sourcecode.c.h; path = PacketListener.h; sourceTree = "<group>"; };
		CB1AA509164854BA0022F331 /* TimerListener.h */ = {isa = PBXFileReference; fileEncoding = 4; lastKnownFileType = sourcecode.c.h; path = TimerListener.h; sourceTree = "<group>"; };
		CB1AA50A164854BA0022F331 /* UdpSocket.h */ = {isa = PBXFileReference; fileEncoding = 4; lastKnownFileType = sourcecode.c.h; path = UdpSocket.h; sourceTree = "<group>"; };
		CB1AA50C164854BA0022F331 /* MessageMappingOscPacketListener.h */ = {isa = PBXFileReference; fileEncoding = 4; lastKnownFileType = sourcecode.c.h; path = MessageMappingOscPacketListener.h; sourceTree = "<group>"; };
		CB1AA50D164854BA0022F331 /* OscException.h */ = {isa = PBXFileReference; fileEncoding = 4; lastKnownFileType = sourcecode.c.h; path = OscException.h; sourceTree = "<group>"; };
		CB1AA50E164854BA0022F331 /* OscHostEndianness.h */ = {isa = PBXFileReference; fileEncoding = 4; lastKnownFileType = sourcecode.c.h; path = OscHostEndianness.h; sourceTree = "<group>"; };
		CB1AA50F164854BA0022F331 /* OscOutboundPacketStream.h */ = {isa = PBXFileReference; fileEncoding = 4; lastKnownFileType = sourcecode.c.h; path = OscOutboundPacketStream.h; sourceTree = "<group>"; };
		CB1AA510164854BA0022F331 /* OscPacketListener.h */ = {isa = PBXFileReference; fileEncoding = 4; lastKnownFileType = sourcecode.c.h; path = OscPacketListener.h; sourceTree = "<group>"; };
		CB1AA511164854BA0022F331 /* OscPrintReceivedElements.h */ = {isa = PBXFileReference; fileEncoding = 4; lastKnownFileType = sourcecode.c.h; path = OscPrintReceivedElements.h; sourceTree = "<group>"; };
		CB1AA512164854BA0022F331 /* OscReceivedElements.h */ = {isa = PBXFileReference; fileEncoding = 4; lastKnownFileType = sourcecode.c.h; path = OscReceivedElements.h; sourceTree = "<group>"; };
		CB1AA513164854BA0022F331 /* OscTypes.h */ = {isa = PBXFileReference; fileEncoding = 4; lastKnownFileType = sourcecode.c.h; path = OscTypes.h; sourceTree = "<group>"; };
		CB1AA514164854BA0022F331 /* OscArg.h */ = {isa = PBXFileReference; fileEncoding = 4; lastKnownFileType = sourcecode.c.h; path = OscArg.h; sourceTree = "<group>"; };
		CB1AA515164854BA0022F331 /* OscBundle.h */ = {isa = PBXFileReference; fileEncoding = 4; lastKnownFileType = sourcecode.c.h; path = OscBundle.h; sourceTree = "<group>"; };
		CB1AA516164854BA0022F331 /* OscListener.h */ = {isa = PBXFileReference; fileEncoding = 4; lastKnownFileType = sourcecode.c.h; path = OscListener.h; sourceTree = "<group>"; };
		CB1AA517164854BA0022F331 /* OscMessage.h */ = {isa = PBXFileReference; fileEncoding = 4; lastKnownFileType = sourcecode.c.h; path = OscMessage.h; sourceTree = "<group>"; };
		CB1AA518164854BA0022F331 /* OscSender.h */ = {isa = PBXFileReference; fileEncoding = 4; lastKnownFileType = sourcecode.c.h; path = OscSender.h; sourceTree = "<group>"; };
		CB1AA51B164854BA0022F331 /* osc.a */ = {isa = PBXFileReference; lastKnownFileType = archive.ar; path = osc.a; sourceTree = "<group>"; };
		CB1AA51D164854BA0022F331 /* osc.a */ = {isa = PBXFileReference; lastKnownFileType = archive.ar; path = osc.a; sourceTree = "<group>"; };
		CB1AA51F164854BA0022F331 /* osc.lib */ = {isa = PBXFileReference; lastKnownFileType = archive.ar; path = osc.lib; sourceTree = "<group>"; };
		CB1AA520164854BA0022F331 /* osc_d.lib */ = {isa = PBXFileReference; lastKnownFileType = archive.ar; path = osc_d.lib; sourceTree = "<group>"; };
		CB1AA55A164854BA0022F331 /* OscBundle.cpp */ = {isa = PBXFileReference; fileEncoding = 4; lastKnownFileType = sourcecode.cpp.cpp; path = OscBundle.cpp; sourceTree = "<group>"; };
		CB1AA55B164854BA0022F331 /* OscListener.cpp */ = {isa = PBXFileReference; fileEncoding = 4; lastKnownFileType = sourcecode.cpp.cpp; path = OscListener.cpp; sourceTree = "<group>"; };
		CB1AA55C164854BA0022F331 /* OscMessage.cpp */ = {isa = PBXFileReference; fileEncoding = 4; lastKnownFileType = sourcecode.cpp.cpp; path = OscMessage.cpp; sourceTree = "<group>"; };
		CB1AA55D164854BA0022F331 /* OscSender.cpp */ = {isa = PBXFileReference; fileEncoding = 4; lastKnownFileType = sourcecode.cpp.cpp; path = OscSender.cpp; sourceTree = "<group>"; };
		CB606AAB1639A25100F0AA96 /* PulseReader.cpp */ = {isa = PBXFileReference; fileEncoding = 4; lastKnownFileType = sourcecode.cpp.cpp; name = PulseReader.cpp; path = ../src/PulseReader.cpp; sourceTree = "<group>"; };
		CB606AAC1639A25100F0AA96 /* PulseReader.h */ = {isa = PBXFileReference; fileEncoding = 4; lastKnownFileType = sourcecode.c.h; name = PulseReader.h; path = ../src/PulseReader.h; sourceTree = "<group>"; };
/* End PBXFileReference section */

/* Begin PBXFrameworksBuildPhase section */
		8D11072E0486CEB800E47090 /* Frameworks */ = {
			isa = PBXFrameworksBuildPhase;
			buildActionMask = 2147483647;
			files = (
				8D11072F0486CEB800E47090 /* Cocoa.framework in Frameworks */,
				0091D8F90E81B9330029341E /* OpenGL.framework in Frameworks */,
				53E3CDFC0E86099300238D2B /* Carbon.framework in Frameworks */,
				5323E6B20EAFCA74003A9687 /* CoreVideo.framework in Frameworks */,
				5323E6B60EAFCA7E003A9687 /* QTKit.framework in Frameworks */,
				0097E3E50F3E9819005A4392 /* QuickTime.framework in Frameworks */,
				00B784B30FF439BC000DE1D7 /* Accelerate.framework in Frameworks */,
				00B784B40FF439BC000DE1D7 /* AudioToolbox.framework in Frameworks */,
				00B784B50FF439BC000DE1D7 /* AudioUnit.framework in Frameworks */,
				00B784B60FF439BC000DE1D7 /* CoreAudio.framework in Frameworks */,
				CB1AA562164854BA0022F331 /* osc.a in Frameworks */,
				CB1AA563164854BA0022F331 /* osc.a in Frameworks */,
				CB1AA564164854BA0022F331 /* osc.lib in Frameworks */,
				CB1AA565164854BA0022F331 /* osc_d.lib in Frameworks */,
			);
			runOnlyForDeploymentPostprocessing = 0;
		};
/* End PBXFrameworksBuildPhase section */

/* Begin PBXGroup section */
		080E96DDFE201D6D7F000001 /* Source */ = {
			isa = PBXGroup;
			children = (
				CB606AAA1639A24100F0AA96 /* data */,
				00BAE6590E7ED9C10018A608 /* PulseSenseApp.cpp */,
			);
			name = Source;
			sourceTree = "<group>";
		};
		1058C7A0FEA54F0111CA2CBB /* Linked Frameworks */ = {
			isa = PBXGroup;
			children = (
				00B784AF0FF439BC000DE1D7 /* Accelerate.framework */,
				00B784B00FF439BC000DE1D7 /* AudioToolbox.framework */,
				00B784B10FF439BC000DE1D7 /* AudioUnit.framework */,
				00B784B20FF439BC000DE1D7 /* CoreAudio.framework */,
				0097E3E40F3E9819005A4392 /* QuickTime.framework */,
				5323E6B50EAFCA7E003A9687 /* QTKit.framework */,
				5323E6B10EAFCA74003A9687 /* CoreVideo.framework */,
				53E3CDFB0E86099300238D2B /* Carbon.framework */,
				0091D8F80E81B9330029341E /* OpenGL.framework */,
				1058C7A1FEA54F0111CA2CBB /* Cocoa.framework */,
			);
			name = "Linked Frameworks";
			sourceTree = "<group>";
		};
		1058C7A2FEA54F0111CA2CBB /* Other Frameworks */ = {
			isa = PBXGroup;
			children = (
				29B97324FDCFA39411CA2CEA /* AppKit.framework */,
				13E42FB307B3F0F600E4EEF1 /* CoreData.framework */,
				29B97325FDCFA39411CA2CEA /* Foundation.framework */,
			);
			name = "Other Frameworks";
			sourceTree = "<group>";
		};
		19C28FACFE9D520D11CA2CBB /* Products */ = {
			isa = PBXGroup;
			children = (
				8D1107320486CEB800E47090 /* PulseSense.app */,
			);
			name = Products;
			sourceTree = "<group>";
		};
		29B97314FDCFA39411CA2CEA /* PulseSense */ = {
			isa = PBXGroup;
			children = (
				CB1AA4F9164854700022F331 /* Blocks */,
				29B97315FDCFA39411CA2CEA /* Headers */,
				080E96DDFE201D6D7F000001 /* Source */,
				29B97317FDCFA39411CA2CEA /* Resources */,
				29B97323FDCFA39411CA2CEA /* Frameworks */,
				19C28FACFE9D520D11CA2CBB /* Products */,
			);
			name = PulseSense;
			sourceTree = "<group>";
		};
		29B97315FDCFA39411CA2CEA /* Headers */ = {
			isa = PBXGroup;
			children = (
				CB606AAC1639A25100F0AA96 /* PulseReader.h */,
				32CA4F630368D1EE00C91783 /* PulseSense_Prefix.pch */,
			);
			name = Headers;
			sourceTree = "<group>";
		};
		29B97317FDCFA39411CA2CEA /* Resources */ = {
			isa = PBXGroup;
			children = (
				8D1107310486CEB800E47090 /* Info.plist */,
				00CCAF14116A9FEE008396D5 /* CinderApp.icns */,
			);
			name = Resources;
			sourceTree = "<group>";
		};
		29B97323FDCFA39411CA2CEA /* Frameworks */ = {
			isa = PBXGroup;
			children = (
				1058C7A0FEA54F0111CA2CBB /* Linked Frameworks */,
				1058C7A2FEA54F0111CA2CBB /* Other Frameworks */,
			);
			name = Frameworks;
			sourceTree = "<group>";
		};
		CB1AA4F9164854700022F331 /* Blocks */ = {
			isa = PBXGroup;
			children = (
				CB1AA503164854BA0022F331 /* osc */,
			);
			name = Blocks;
			sourceTree = "<group>";
		};
		CB1AA503164854BA0022F331 /* osc */ = {
			isa = PBXGroup;
			children = (
				CB1AA504164854BA0022F331 /* include */,
				CB1AA519164854BA0022F331 /* lib */,
				CB1AA559164854BA0022F331 /* src */,
			);
			name = osc;
			path = ../../../../../../../_libs/cpp/Cinder/blocks/osc;
			sourceTree = "<group>";
		};
		CB1AA504164854BA0022F331 /* include */ = {
			isa = PBXGroup;
			children = (
				CB1AA505164854BA0022F331 /* ip */,
				CB1AA50B164854BA0022F331 /* osc */,
				CB1AA514164854BA0022F331 /* OscArg.h */,
				CB1AA515164854BA0022F331 /* OscBundle.h */,
				CB1AA516164854BA0022F331 /* OscListener.h */,
				CB1AA517164854BA0022F331 /* OscMessage.h */,
				CB1AA518164854BA0022F331 /* OscSender.h */,
			);
			path = include;
			sourceTree = "<group>";
		};
		CB1AA505164854BA0022F331 /* ip */ = {
			isa = PBXGroup;
			children = (
				CB1AA506164854BA0022F331 /* IpEndpointName.h */,
				CB1AA507164854BA0022F331 /* NetworkingUtils.h */,
				CB1AA508164854BA0022F331 /* PacketListener.h */,
				CB1AA509164854BA0022F331 /* TimerListener.h */,
				CB1AA50A164854BA0022F331 /* UdpSocket.h */,
			);
			path = ip;
			sourceTree = "<group>";
		};
		CB1AA50B164854BA0022F331 /* osc */ = {
			isa = PBXGroup;
			children = (
				CB1AA50C164854BA0022F331 /* MessageMappingOscPacketListener.h */,
				CB1AA50D164854BA0022F331 /* OscException.h */,
				CB1AA50E164854BA0022F331 /* OscHostEndianness.h */,
				CB1AA50F164854BA0022F331 /* OscOutboundPacketStream.h */,
				CB1AA510164854BA0022F331 /* OscPacketListener.h */,
				CB1AA511164854BA0022F331 /* OscPrintReceivedElements.h */,
				CB1AA512164854BA0022F331 /* OscReceivedElements.h */,
				CB1AA513164854BA0022F331 /* OscTypes.h */,
			);
			path = osc;
			sourceTree = "<group>";
		};
		CB1AA519164854BA0022F331 /* lib */ = {
			isa = PBXGroup;
			children = (
				CB1AA51A164854BA0022F331 /* iphone */,
				CB1AA51C164854BA0022F331 /* macosx */,
				CB1AA51E164854BA0022F331 /* vc10 */,
			);
			path = lib;
			sourceTree = "<group>";
		};
		CB1AA51A164854BA0022F331 /* iphone */ = {
			isa = PBXGroup;
			children = (
				CB1AA51B164854BA0022F331 /* osc.a */,
			);
			path = iphone;
			sourceTree = "<group>";
		};
		CB1AA51C164854BA0022F331 /* macosx */ = {
			isa = PBXGroup;
			children = (
				CB1AA51D164854BA0022F331 /* osc.a */,
			);
			path = macosx;
			sourceTree = "<group>";
		};
		CB1AA51E164854BA0022F331 /* vc10 */ = {
			isa = PBXGroup;
			children = (
				CB1AA51F164854BA0022F331 /* osc.lib */,
				CB1AA520164854BA0022F331 /* osc_d.lib */,
			);
			path = vc10;
			sourceTree = "<group>";
		};
		CB1AA559164854BA0022F331 /* src */ = {
			isa = PBXGroup;
			children = (
				CB1AA55A164854BA0022F331 /* OscBundle.cpp */,
				CB1AA55B164854BA0022F331 /* OscListener.cpp */,
				CB1AA55C164854BA0022F331 /* OscMessage.cpp */,
				CB1AA55D164854BA0022F331 /* OscSender.cpp */,
			);
			path = src;
			sourceTree = "<group>";
		};
		CB606AAA1639A24100F0AA96 /* data */ = {
			isa = PBXGroup;
			children = (
				CB606AAB1639A25100F0AA96 /* PulseReader.cpp */,
			);
			name = data;
			sourceTree = "<group>";
		};
/* End PBXGroup section */

/* Begin PBXNativeTarget section */
		8D1107260486CEB800E47090 /* PulseSense */ = {
			isa = PBXNativeTarget;
			buildConfigurationList = C01FCF4A08A954540054247B /* Build configuration list for PBXNativeTarget "PulseSense" */;
			buildPhases = (
				8D1107290486CEB800E47090 /* Resources */,
				8D11072C0486CEB800E47090 /* Sources */,
				8D11072E0486CEB800E47090 /* Frameworks */,
			);
			buildRules = (
			);
			dependencies = (
			);
			name = PulseSense;
			productInstallPath = "$(HOME)/Applications";
			productName = PulseSense;
			productReference = 8D1107320486CEB800E47090 /* PulseSense.app */;
			productType = "com.apple.product-type.application";
		};
/* End PBXNativeTarget section */

/* Begin PBXProject section */
		29B97313FDCFA39411CA2CEA /* Project object */ = {
			isa = PBXProject;
			buildConfigurationList = C01FCF4E08A954540054247B /* Build configuration list for PBXProject "PulseSense" */;
			compatibilityVersion = "Xcode 3.2";
			developmentRegion = English;
			hasScannedForEncodings = 1;
			knownRegions = (
				en,
			);
			mainGroup = 29B97314FDCFA39411CA2CEA /* PulseSense */;
			projectDirPath = "";
			projectRoot = "";
			targets = (
				8D1107260486CEB800E47090 /* PulseSense */,
			);
		};
/* End PBXProject section */

/* Begin PBXResourcesBuildPhase section */
		8D1107290486CEB800E47090 /* Resources */ = {
			isa = PBXResourcesBuildPhase;
			buildActionMask = 2147483647;
			files = (
				00CCAF15116A9FEE008396D5 /* CinderApp.icns in Resources */,
			);
			runOnlyForDeploymentPostprocessing = 0;
		};
/* End PBXResourcesBuildPhase section */

/* Begin PBXSourcesBuildPhase section */
		8D11072C0486CEB800E47090 /* Sources */ = {
			isa = PBXSourcesBuildPhase;
			buildActionMask = 2147483647;
			files = (
				00BAE65A0E7ED9C10018A608 /* PulseSenseApp.cpp in Sources */,
				CB606AAD1639A25100F0AA96 /* PulseReader.cpp in Sources */,
				CB1AA582164854BA0022F331 /* OscBundle.cpp in Sources */,
				CB1AA583164854BA0022F331 /* OscListener.cpp in Sources */,
				CB1AA584164854BA0022F331 /* OscMessage.cpp in Sources */,
				CB1AA585164854BA0022F331 /* OscSender.cpp in Sources */,
			);
			runOnlyForDeploymentPostprocessing = 0;
		};
/* End PBXSourcesBuildPhase section */

/* Begin XCBuildConfiguration section */
		C01FCF4B08A954540054247B /* Debug */ = {
			isa = XCBuildConfiguration;
			buildSettings = {
				CINDER_PATH = "$(CINDER_PATH_$(USER))";
				CINDER_PATH_charlie = ../../../../../../../_libs/cpp/Cinder;
				COPY_PHASE_STRIP = NO;
				GCC_DYNAMIC_NO_PIC = NO;
				GCC_INLINES_ARE_PRIVATE_EXTERN = NO;
				GCC_MODEL_TUNING = G5;
				GCC_OPTIMIZATION_LEVEL = 0;
				GCC_PRECOMPILE_PREFIX_HEADER = YES;
				GCC_PREFIX_HEADER = PulseSense_Prefix.pch;
				GCC_SYMBOLS_PRIVATE_EXTERN = NO;
				INFOPLIST_FILE = Info.plist;
				INSTALL_PATH = "$(HOME)/Applications";
				LIBRARY_SEARCH_PATHS = (
					"$(inherited)",
					"\"$(SRCROOT)/../../../../../../../_libs/cpp/Cinder/blocks/osc/lib/iphone\"",
					"\"$(SRCROOT)/../../../../../../../_libs/cpp/Cinder/blocks/osc/lib/macosx\"",
					"\"$(SRCROOT)/../../../../../../../_libs/cpp/Cinder/blocks/osc/lib/vc10\"",
				);
				OTHER_LDFLAGS = "\"$(CINDER_PATH)/lib/libcinder_d.a\"";
				PRODUCT_NAME = PulseSense;
				SDKROOT = macosx10.7;
				WRAPPER_EXTENSION = app;
			};
			name = Debug;
		};
		C01FCF4C08A954540054247B /* Release */ = {
			isa = XCBuildConfiguration;
			buildSettings = {
				CINDER_PATH = "$(CINDER_PATH_$(USER))";
				CINDER_PATH_charlie = ../../../../../../../_libs/cpp/Cinder;
				DEAD_CODE_STRIPPING = YES;
				DEBUG_INFORMATION_FORMAT = "dwarf-with-dsym";
				GCC_FAST_MATH = YES;
				GCC_GENERATE_DEBUGGING_SYMBOLS = NO;
				GCC_INLINES_ARE_PRIVATE_EXTERN = NO;
				GCC_MODEL_TUNING = G5;
				GCC_OPTIMIZATION_LEVEL = 3;
				GCC_PRECOMPILE_PREFIX_HEADER = YES;
				GCC_PREFIX_HEADER = PulseSense_Prefix.pch;
				GCC_SYMBOLS_PRIVATE_EXTERN = NO;
				INFOPLIST_FILE = Info.plist;
				INSTALL_PATH = "$(HOME)/Applications";
				LIBRARY_SEARCH_PATHS = (
					"$(inherited)",
					"\"$(SRCROOT)/../../../../../../../_libs/cpp/Cinder/blocks/osc/lib/iphone\"",
					"\"$(SRCROOT)/../../../../../../../_libs/cpp/Cinder/blocks/osc/lib/macosx\"",
					"\"$(SRCROOT)/../../../../../../../_libs/cpp/Cinder/blocks/osc/lib/vc10\"",
				);
				OTHER_LDFLAGS = "\"$(CINDER_PATH)/lib/libcinder.a\"";
				PRODUCT_NAME = PulseSense;
				SDKROOT = macosx10.7;
				STRIP_INSTALLED_PRODUCT = YES;
				WRAPPER_EXTENSION = app;
			};
			name = Release;
		};
		C01FCF4F08A954540054247B /* Debug */ = {
			isa = XCBuildConfiguration;
			buildSettings = {
				ALWAYS_SEARCH_USER_PATHS = NO;
				ARCHS = i386;
				CINDER_PATH = ../../../../../../../_libs/cpp/Cinder;
				GCC_WARN_ABOUT_RETURN_TYPE = YES;
				GCC_WARN_UNUSED_VARIABLE = YES;
				HEADER_SEARCH_PATHS = "\"$(CINDER_PATH)/boost\"";
				MACOSX_DEPLOYMENT_TARGET = 10.5;
				OTHER_LDFLAGS = "$(CINDER_PATH)/blocks/osc/lib/macosx/osc.a";
				SDKROOT = "$(DEVELOPER_SDK_DIR)/MacOSX10.6.sdk";
				USER_HEADER_SEARCH_PATHS = "\"$(CINDER_PATH)/include\" ../include \"$(CINDER_PATH)/blocks/osc/include\"";
			};
			name = Debug;
		};
		C01FCF5008A954540054247B /* Release */ = {
			isa = XCBuildConfiguration;
			buildSettings = {
				ALWAYS_SEARCH_USER_PATHS = NO;
				ARCHS = i386;
				CINDER_PATH = ../../../../../../../_libs/cpp/Cinder;
				GCC_WARN_ABOUT_RETURN_TYPE = YES;
				GCC_WARN_UNUSED_VARIABLE = YES;
				HEADER_SEARCH_PATHS = "\"$(CINDER_PATH)/boost\"";
				MACOSX_DEPLOYMENT_TARGET = 10.5;
				OTHER_LDFLAGS = "$(CINDER_PATH)/blocks/osc/lib/macosx/osc.a";
				SDKROOT = "$(DEVELOPER_SDK_DIR)/MacOSX10.6.sdk";
				USER_HEADER_SEARCH_PATHS = "\"$(CINDER_PATH)/include\" ../include \"$(CINDER_PATH)/blocks/osc/include\"";
			};
			name = Release;
		};
/* End XCBuildConfiguration section */

/* Begin XCConfigurationList section */
		C01FCF4A08A954540054247B /* Build configuration list for PBXNativeTarget "PulseSense" */ = {
			isa = XCConfigurationList;
			buildConfigurations = (
				C01FCF4B08A954540054247B /* Debug */,
				C01FCF4C08A954540054247B /* Release */,
			);
			defaultConfigurationIsVisible = 0;
			defaultConfigurationName = Release;
		};
		C01FCF4E08A954540054247B /* Build configuration list for PBXProject "PulseSense" */ = {
			isa = XCConfigurationList;
			buildConfigurations = (
				C01FCF4F08A954540054247B /* Debug */,
				C01FCF5008A954540054247B /* Release */,
			);
			defaultConfigurationIsVisible = 0;
			defaultConfigurationName = Release;
		};
/* End XCConfigurationList section */
	};
	rootObject = 29B97313FDCFA39411CA2CEA /* Project object */;
}
